PODS:
  - Alamofire (4.8.2)
  - DynamicColor (4.1.0)
  - ImageSlideshow (1.8.0):
    - ImageSlideshow/Core (= 1.8.0)
  - ImageSlideshow/Core (1.8.0)
  - ImageSlideshow/Kingfisher (1.8.0):
    - ImageSlideshow/Core
    - Kingfisher (> 3.0)
  - JXSegmentedView (0.0.17)
  - Kanna (5.0.0)
  - Kingfisher (5.6.0)
  - Moya (13.0.1):
    - Moya/Core (= 13.0.1)
  - Moya/Core (13.0.1):
    - Alamofire (~> 4.1)
    - Result (~> 4.1)
  - Result (4.1.0)
  - RxCocoa (5.0.0):
    - RxRelay (~> 5)
    - RxSwift (~> 5)
  - RxRelay (5.0.0):
    - RxSwift (~> 5)
  - RxSwift (5.0.0)
  - SnapKit (5.0.0)
  - SnappingStepper (3.0.0):
    - DynamicColor (~> 4.0)
  - SwifterSwift (5.0.0):
    - SwifterSwift/AppKit (= 5.0.0)
    - SwifterSwift/CoreGraphics (= 5.0.0)
    - SwifterSwift/CoreLocation (= 5.0.0)
    - SwifterSwift/Dispatch (= 5.0.0)
    - SwifterSwift/Foundation (= 5.0.0)
    - SwifterSwift/MapKit (= 5.0.0)
    - SwifterSwift/SpriteKit (= 5.0.0)
    - SwifterSwift/SwiftStdlib (= 5.0.0)
    - SwifterSwift/UIKit (= 5.0.0)
  - SwifterSwift/AppKit (5.0.0)
  - SwifterSwift/CoreGraphics (5.0.0)
  - SwifterSwift/CoreLocation (5.0.0)
  - SwifterSwift/Dispatch (5.0.0)
  - SwifterSwift/Foundation (5.0.0)
  - SwifterSwift/MapKit (5.0.0)
  - SwifterSwift/SpriteKit (5.0.0)
  - SwifterSwift/SwiftStdlib (5.0.0)
  - SwifterSwift/UIKit (5.0.0)
  - YYKit (1.0.9):
    - YYKit/no-arc (= 1.0.9)
  - YYKit/no-arc (1.0.9)

DEPENDENCIES:
  - Alamofire
  - ImageSlideshow (~> 1.8)
  - ImageSlideshow/Kingfisher
  - JXSegmentedView
  - Kanna (~> 5.0.0)
  - Moya (~> 13.0)
  - RxCocoa (~> 5.0)
  - RxSwift (~> 5.0)
  - SnapKit
  - SnappingStepper (~> 3.0.0)
  - SwifterSwift
  - YYKit

SPEC REPOS:
  https://github.com/cocoapods/specs.git:
    - Alamofire
    - DynamicColor
    - ImageSlideshow
    - JXSegmentedView
    - Kanna
    - Kingfisher
    - Moya
    - Result
    - RxCocoa
    - RxRelay
    - RxSwift
    - SnapKit
    - SnappingStepper
    - SwifterSwift
    - YYKit

SPEC CHECKSUMS:
  Alamofire: ae5c501addb7afdbb13687d7f2f722c78734c2d3
  DynamicColor: e72fcf4174518c514e862bb4bdea794c1865b412
  ImageSlideshow: 197130fe349aafa9446f54277c792551d41eadf9
  JXSegmentedView: 841922f0b5c9c85b74b634896028ed6b9b00a212
  Kanna: a32875df62975f8f4b871e933b4ea1a5c3b8be0f
  Kingfisher: 1a50df6880a60bae26f3e21a0df3d17b892f5e0b
  Moya: f4a4b80ff2f8a4ffc208dfb31cd91636622fee6e
  Result: bd966fac789cc6c1563440b348ab2598cc24d5c7
  RxCocoa: fcf32050ac00d801f34a7f71d5e8e7f23026dcd8
  RxRelay: 4f7409406a51a55cd88483f21ed898c234d60f18
  RxSwift: 8b0671caa829a763bbce7271095859121cbd895f
  SnapKit: fd22d10eb9aff484d79a8724eab922c1ddf89bcf
  SnappingStepper: 57c41c94d3fe2665c5601d61d4dcf8f689b957ab
  SwifterSwift: 96f90594b370802f01647c2b1229c74a84ffafee
  YYKit: 7cda43304a8dc3696c449041e2cb3107b4e236e7

PODFILE CHECKSUM: 0da68a69d9ea266f07f549f07fb77299240d6c6c

COCOAPODS: 1.7.2
