// !$*UTF8*$!
{
	archiveVersion = 1;
	classes = {
	};
	objectVersion = 51;
	objects = {

/* Begin PBXBuildFile section */
		1800B2F222B0F0C700D793F4 /* HomeCollectionViewController.swift in Sources */ = {isa = PBXBuildFile; fileRef = 1800B2F122B0F0C700D793F4 /* HomeCollectionViewController.swift */; };
		1800B2F422B0F0E800D793F4 /* GoodCollectionViewCell.swift in Sources */ = {isa = PBXBuildFile; fileRef = 1800B2F322B0F0E800D793F4 /* GoodCollectionViewCell.swift */; };
		1800B2F622B1E6BE00D793F4 /* MyExtension.swift in Sources */ = {isa = PBXBuildFile; fileRef = 1800B2F522B1E6BE00D793F4 /* MyExtension.swift */; };
		1844753922AFA630000A2391 /* AppDelegate.swift in Sources */ = {isa = PBXBuildFile; fileRef = 1844753822AFA630000A2391 /* AppDelegate.swift */; };
		1844753B22AFA630000A2391 /* ViewController.swift in Sources */ = {isa = PBXBuildFile; fileRef = 1844753A22AFA630000A2391 /* ViewController.swift */; };
		1844753E22AFA630000A2391 /* Main.storyboard in Resources */ = {isa = PBXBuildFile; fileRef = 1844753C22AFA630000A2391 /* Main.storyboard */; };
		1844754022AFA631000A2391 /* Assets.xcassets in Resources */ = {isa = PBXBuildFile; fileRef = 1844753F22AFA631000A2391 /* Assets.xcassets */; };
		1844754322AFA631000A2391 /* LaunchScreen.storyboard in Resources */ = {isa = PBXBuildFile; fileRef = 1844754122AFA631000A2391 /* LaunchScreen.storyboard */; };
		1844754F22B0913C000A2391 /* TableViewController.swift in Sources */ = {isa = PBXBuildFile; fileRef = 1844754E22B0913C000A2391 /* TableViewController.swift */; };
		1844755122B091BE000A2391 /* GoodModel.swift in Sources */ = {isa = PBXBuildFile; fileRef = 1844755022B091BE000A2391 /* GoodModel.swift */; };
		1844755322B091E7000A2391 /* OrderModel.swift in Sources */ = {isa = PBXBuildFile; fileRef = 1844755222B091E7000A2391 /* OrderModel.swift */; };
		1844755522B09210000A2391 /* UserModel.swift in Sources */ = {isa = PBXBuildFile; fileRef = 1844755422B09210000A2391 /* UserModel.swift */; };
		1844755722B09235000A2391 /* GoodsModel.swift in Sources */ = {isa = PBXBuildFile; fileRef = 1844755622B09235000A2391 /* GoodsModel.swift */; };
		1844755A22B0937A000A2391 /* Network.swift in Sources */ = {isa = PBXBuildFile; fileRef = 1844755922B0937A000A2391 /* Network.swift */; };
		184E86F522B205E20050C0BD /* MyService.swift in Sources */ = {isa = PBXBuildFile; fileRef = 184E86F422B205E20050C0BD /* MyService.swift */; };
		184E86F722B21C6E0050C0BD /* HomeLayout.swift in Sources */ = {isa = PBXBuildFile; fileRef = 184E86F622B21C6E0050C0BD /* HomeLayout.swift */; };
		184E86F922B21FF10050C0BD /* DecorationView.swift in Sources */ = {isa = PBXBuildFile; fileRef = 184E86F822B21FF10050C0BD /* DecorationView.swift */; };
		184E86FB22B24DC50050C0BD /* MeViewController.swift in Sources */ = {isa = PBXBuildFile; fileRef = 184E86FA22B24DC50050C0BD /* MeViewController.swift */; };
		184E86FD22B256E40050C0BD /* MeTableView.swift in Sources */ = {isa = PBXBuildFile; fileRef = 184E86FC22B256E40050C0BD /* MeTableView.swift */; };
		184E86FF22B344AB0050C0BD /* GoodDetailTableViewController.swift in Sources */ = {isa = PBXBuildFile; fileRef = 184E86FE22B344AA0050C0BD /* GoodDetailTableViewController.swift */; };
		184E870222B3A6F70050C0BD /* CartTableViewController.swift in Sources */ = {isa = PBXBuildFile; fileRef = 184E870122B3A6F70050C0BD /* CartTableViewController.swift */; };
		184E870422B3ACC40050C0BD /* NotifcationItemTableViewCell.swift in Sources */ = {isa = PBXBuildFile; fileRef = 184E870322B3ACC40050C0BD /* NotifcationItemTableViewCell.swift */; };
		1898A70822B7359C00476ED0 /* HomeHeaderCollectionReusableView.swift in Sources */ = {isa = PBXBuildFile; fileRef = 1898A70722B7359C00476ED0 /* HomeHeaderCollectionReusableView.swift */; };
		1898A70A22B7406B00476ED0 /* BannerCollectionViewCell.swift in Sources */ = {isa = PBXBuildFile; fileRef = 1898A70922B7406B00476ED0 /* BannerCollectionViewCell.swift */; };
		1898A70C22B74BD300476ED0 /* ShopViewController.swift in Sources */ = {isa = PBXBuildFile; fileRef = 1898A70B22B74BD300476ED0 /* ShopViewController.swift */; };
		1898A70E22B74BE800476ED0 /* OneDollarViewController.swift in Sources */ = {isa = PBXBuildFile; fileRef = 1898A70D22B74BE800476ED0 /* OneDollarViewController.swift */; };
		1898A71022B765D700476ED0 /* NotificationHeaderView.swift in Sources */ = {isa = PBXBuildFile; fileRef = 1898A70F22B765D700476ED0 /* NotificationHeaderView.swift */; };
		1898A71222B76A2800476ED0 /* NotificationSwitchTableViewCell.swift in Sources */ = {isa = PBXBuildFile; fileRef = 1898A71122B76A2800476ED0 /* NotificationSwitchTableViewCell.swift */; };
		1898A71422B78BA100476ED0 /* ShopCollectionView.swift in Sources */ = {isa = PBXBuildFile; fileRef = 1898A71322B78BA000476ED0 /* ShopCollectionView.swift */; };
		1898A71622B8772A00476ED0 /* SearchableNavigationController.swift in Sources */ = {isa = PBXBuildFile; fileRef = 1898A71522B8772A00476ED0 /* SearchableNavigationController.swift */; };
		18F30AE022B3AF4200514806 /* NotificationTableViewController.swift in Sources */ = {isa = PBXBuildFile; fileRef = 18F30ADF22B3AF4200514806 /* NotificationTableViewController.swift */; };
		C36EEA56E91FD1A8991DB1B0 /* Pods_UUBuy.framework in Frameworks */ = {isa = PBXBuildFile; fileRef = 5A343CAECDD80EA275B95EB3 /* Pods_UUBuy.framework */; };
/* End PBXBuildFile section */

/* Begin PBXCopyFilesBuildPhase section */
		1898A74722B87D1F00476ED0 /* Embed Frameworks */ = {
			isa = PBXCopyFilesBuildPhase;
			buildActionMask = 2147483647;
			dstPath = "";
			dstSubfolderSpec = 10;
			files = (
			);
			name = "Embed Frameworks";
			runOnlyForDeploymentPostprocessing = 0;
		};
/* End PBXCopyFilesBuildPhase section */

/* Begin PBXFileReference section */
		1800B2F122B0F0C700D793F4 /* HomeCollectionViewController.swift */ = {isa = PBXFileReference; lastKnownFileType = sourcecode.swift; path = HomeCollectionViewController.swift; sourceTree = "<group>"; };
		1800B2F322B0F0E800D793F4 /* GoodCollectionViewCell.swift */ = {isa = PBXFileReference; lastKnownFileType = sourcecode.swift; path = GoodCollectionViewCell.swift; sourceTree = "<group>"; };
		1800B2F522B1E6BE00D793F4 /* MyExtension.swift */ = {isa = PBXFileReference; lastKnownFileType = sourcecode.swift; path = MyExtension.swift; sourceTree = "<group>"; };
		1844753522AFA630000A2391 /* UUBuy.app */ = {isa = PBXFileReference; explicitFileType = wrapper.application; includeInIndex = 0; path = UUBuy.app; sourceTree = BUILT_PRODUCTS_DIR; };
		1844753822AFA630000A2391 /* AppDelegate.swift */ = {isa = PBXFileReference; lastKnownFileType = sourcecode.swift; path = AppDelegate.swift; sourceTree = "<group>"; };
		1844753A22AFA630000A2391 /* ViewController.swift */ = {isa = PBXFileReference; lastKnownFileType = sourcecode.swift; path = ViewController.swift; sourceTree = "<group>"; };
		1844753D22AFA630000A2391 /* Base */ = {isa = PBXFileReference; lastKnownFileType = file.storyboard; name = Base; path = Base.lproj/Main.storyboard; sourceTree = "<group>"; };
		1844753F22AFA631000A2391 /* Assets.xcassets */ = {isa = PBXFileReference; lastKnownFileType = folder.assetcatalog; path = Assets.xcassets; sourceTree = "<group>"; };
		1844754222AFA631000A2391 /* Base */ = {isa = PBXFileReference; lastKnownFileType = file.storyboard; name = Base; path = Base.lproj/LaunchScreen.storyboard; sourceTree = "<group>"; };
		1844754422AFA631000A2391 /* Info.plist */ = {isa = PBXFileReference; lastKnownFileType = text.plist.xml; path = Info.plist; sourceTree = "<group>"; };
		1844754E22B0913C000A2391 /* TableViewController.swift */ = {isa = PBXFileReference; lastKnownFileType = sourcecode.swift; path = TableViewController.swift; sourceTree = "<group>"; };
		1844755022B091BE000A2391 /* GoodModel.swift */ = {isa = PBXFileReference; lastKnownFileType = sourcecode.swift; path = GoodModel.swift; sourceTree = "<group>"; };
		1844755222B091E7000A2391 /* OrderModel.swift */ = {isa = PBXFileReference; lastKnownFileType = sourcecode.swift; path = OrderModel.swift; sourceTree = "<group>"; };
		1844755422B09210000A2391 /* UserModel.swift */ = {isa = PBXFileReference; lastKnownFileType = sourcecode.swift; path = UserModel.swift; sourceTree = "<group>"; };
		1844755622B09235000A2391 /* GoodsModel.swift */ = {isa = PBXFileReference; lastKnownFileType = sourcecode.swift; path = GoodsModel.swift; sourceTree = "<group>"; };
		1844755922B0937A000A2391 /* Network.swift */ = {isa = PBXFileReference; lastKnownFileType = sourcecode.swift; path = Network.swift; sourceTree = "<group>"; };
		184E86F422B205E20050C0BD /* MyService.swift */ = {isa = PBXFileReference; lastKnownFileType = sourcecode.swift; path = MyService.swift; sourceTree = "<group>"; };
		184E86F622B21C6E0050C0BD /* HomeLayout.swift */ = {isa = PBXFileReference; lastKnownFileType = sourcecode.swift; path = HomeLayout.swift; sourceTree = "<group>"; };
		184E86F822B21FF10050C0BD /* DecorationView.swift */ = {isa = PBXFileReference; lastKnownFileType = sourcecode.swift; path = DecorationView.swift; sourceTree = "<group>"; };
		184E86FA22B24DC50050C0BD /* MeViewController.swift */ = {isa = PBXFileReference; lastKnownFileType = sourcecode.swift; path = MeViewController.swift; sourceTree = "<group>"; };
		184E86FC22B256E40050C0BD /* MeTableView.swift */ = {isa = PBXFileReference; lastKnownFileType = sourcecode.swift; path = MeTableView.swift; sourceTree = "<group>"; };
		184E86FE22B344AA0050C0BD /* GoodDetailTableViewController.swift */ = {isa = PBXFileReference; lastKnownFileType = sourcecode.swift; path = GoodDetailTableViewController.swift; sourceTree = "<group>"; };
		184E870122B3A6F70050C0BD /* CartTableViewController.swift */ = {isa = PBXFileReference; lastKnownFileType = sourcecode.swift; path = CartTableViewController.swift; sourceTree = "<group>"; };
		184E870322B3ACC40050C0BD /* NotifcationItemTableViewCell.swift */ = {isa = PBXFileReference; lastKnownFileType = sourcecode.swift; path = NotifcationItemTableViewCell.swift; sourceTree = "<group>"; };
		1898A70722B7359C00476ED0 /* HomeHeaderCollectionReusableView.swift */ = {isa = PBXFileReference; lastKnownFileType = sourcecode.swift; path = HomeHeaderCollectionReusableView.swift; sourceTree = "<group>"; };
		1898A70922B7406B00476ED0 /* BannerCollectionViewCell.swift */ = {isa = PBXFileReference; lastKnownFileType = sourcecode.swift; path = BannerCollectionViewCell.swift; sourceTree = "<group>"; };
		1898A70B22B74BD300476ED0 /* ShopViewController.swift */ = {isa = PBXFileReference; lastKnownFileType = sourcecode.swift; path = ShopViewController.swift; sourceTree = "<group>"; };
		1898A70D22B74BE800476ED0 /* OneDollarViewController.swift */ = {isa = PBXFileReference; lastKnownFileType = sourcecode.swift; path = OneDollarViewController.swift; sourceTree = "<group>"; };
		1898A70F22B765D700476ED0 /* NotificationHeaderView.swift */ = {isa = PBXFileReference; lastKnownFileType = sourcecode.swift; path = NotificationHeaderView.swift; sourceTree = "<group>"; };
		1898A71122B76A2800476ED0 /* NotificationSwitchTableViewCell.swift */ = {isa = PBXFileReference; lastKnownFileType = sourcecode.swift; path = NotificationSwitchTableViewCell.swift; sourceTree = "<group>"; };
		1898A71322B78BA000476ED0 /* ShopCollectionView.swift */ = {isa = PBXFileReference; lastKnownFileType = sourcecode.swift; path = ShopCollectionView.swift; sourceTree = "<group>"; };
		1898A71522B8772A00476ED0 /* SearchableNavigationController.swift */ = {isa = PBXFileReference; lastKnownFileType = sourcecode.swift; path = SearchableNavigationController.swift; sourceTree = "<group>"; };
		1898A71722B87AE100476ED0 /* MyPlayground.playground */ = {isa = PBXFileReference; lastKnownFileType = file.playground; path = MyPlayground.playground; sourceTree = "<group>"; xcLanguageSpecificationIdentifier = xcode.lang.swift; };
		18F30ADF22B3AF4200514806 /* NotificationTableViewController.swift */ = {isa = PBXFileReference; lastKnownFileType = sourcecode.swift; path = NotificationTableViewController.swift; sourceTree = "<group>"; };
		59B10191443E1E1630E150AD /* Pods-UUBuy.debug.xcconfig */ = {isa = PBXFileReference; includeInIndex = 1; lastKnownFileType = text.xcconfig; name = "Pods-UUBuy.debug.xcconfig"; path = "Target Support Files/Pods-UUBuy/Pods-UUBuy.debug.xcconfig"; sourceTree = "<group>"; };
		5A343CAECDD80EA275B95EB3 /* Pods_UUBuy.framework */ = {isa = PBXFileReference; explicitFileType = wrapper.framework; includeInIndex = 0; path = Pods_UUBuy.framework; sourceTree = BUILT_PRODUCTS_DIR; };
		D57B5807E0BC428FBE3E8BDF /* Pods-UUBuy.release.xcconfig */ = {isa = PBXFileReference; includeInIndex = 1; lastKnownFileType = text.xcconfig; name = "Pods-UUBuy.release.xcconfig"; path = "Target Support Files/Pods-UUBuy/Pods-UUBuy.release.xcconfig"; sourceTree = "<group>"; };
/* End PBXFileReference section */

/* Begin PBXFrameworksBuildPhase section */
		1844753222AFA630000A2391 /* Frameworks */ = {
			isa = PBXFrameworksBuildPhase;
			buildActionMask = 2147483647;
			files = (
				C36EEA56E91FD1A8991DB1B0 /* Pods_UUBuy.framework in Frameworks */,
			);
			runOnlyForDeploymentPostprocessing = 0;
		};
/* End PBXFrameworksBuildPhase section */

/* Begin PBXGroup section */
		1844752C22AFA630000A2391 = {
			isa = PBXGroup;
			children = (
				1898A71722B87AE100476ED0 /* MyPlayground.playground */,
				1844753722AFA630000A2391 /* UUBuy */,
				1844753622AFA630000A2391 /* Products */,
				F9566AC39746D62F7F4D61A3 /* Pods */,
				63AFC74BCEB185BA1DE379CC /* Frameworks */,
			);
			sourceTree = "<group>";
		};
		1844753622AFA630000A2391 /* Products */ = {
			isa = PBXGroup;
			children = (
				1844753522AFA630000A2391 /* UUBuy.app */,
			);
			name = Products;
			sourceTree = "<group>";
		};
		1844753722AFA630000A2391 /* UUBuy */ = {
			isa = PBXGroup;
			children = (
				1800B2F522B1E6BE00D793F4 /* MyExtension.swift */,
				1844755822B09355000A2391 /* Service */,
				1844754D22B08F87000A2391 /* View */,
				1844754C22B08F7D000A2391 /* Model */,
				1844754B22B08F6F000A2391 /* ViewModel */,
				1844754A22B08F60000A2391 /* ViewController */,
				1844753822AFA630000A2391 /* AppDelegate.swift */,
				1844753A22AFA630000A2391 /* ViewController.swift */,
				1844753C22AFA630000A2391 /* Main.storyboard */,
				1844753F22AFA631000A2391 /* Assets.xcassets */,
				1844754122AFA631000A2391 /* LaunchScreen.storyboard */,
				1844754422AFA631000A2391 /* Info.plist */,
			);
			path = UUBuy;
			sourceTree = "<group>";
		};
		1844754A22B08F60000A2391 /* ViewController */ = {
			isa = PBXGroup;
			children = (
				1898A71522B8772A00476ED0 /* SearchableNavigationController.swift */,
				1898A70B22B74BD300476ED0 /* ShopViewController.swift */,
				1898A70D22B74BE800476ED0 /* OneDollarViewController.swift */,
				18F30ADF22B3AF4200514806 /* NotificationTableViewController.swift */,
				184E870122B3A6F70050C0BD /* CartTableViewController.swift */,
				184E86FA22B24DC50050C0BD /* MeViewController.swift */,
				1800B2F122B0F0C700D793F4 /* HomeCollectionViewController.swift */,
				1844754E22B0913C000A2391 /* TableViewController.swift */,
				184E86FE22B344AA0050C0BD /* GoodDetailTableViewController.swift */,
			);
			path = ViewController;
			sourceTree = "<group>";
		};
		1844754B22B08F6F000A2391 /* ViewModel */ = {
			isa = PBXGroup;
			children = (
			);
			path = ViewModel;
			sourceTree = "<group>";
		};
		1844754C22B08F7D000A2391 /* Model */ = {
			isa = PBXGroup;
			children = (
				1844755022B091BE000A2391 /* GoodModel.swift */,
				1844755422B09210000A2391 /* UserModel.swift */,
				1844755622B09235000A2391 /* GoodsModel.swift */,
				1844755222B091E7000A2391 /* OrderModel.swift */,
			);
			path = Model;
			sourceTree = "<group>";
		};
		1844754D22B08F87000A2391 /* View */ = {
			isa = PBXGroup;
			children = (
				1898A71322B78BA000476ED0 /* ShopCollectionView.swift */,
				1898A71122B76A2800476ED0 /* NotificationSwitchTableViewCell.swift */,
				1898A70F22B765D700476ED0 /* NotificationHeaderView.swift */,
				1898A70922B7406B00476ED0 /* BannerCollectionViewCell.swift */,
				184E870322B3ACC40050C0BD /* NotifcationItemTableViewCell.swift */,
				184E86FC22B256E40050C0BD /* MeTableView.swift */,
				184E86F822B21FF10050C0BD /* DecorationView.swift */,
				184E86F622B21C6E0050C0BD /* HomeLayout.swift */,
				1800B2F322B0F0E800D793F4 /* GoodCollectionViewCell.swift */,
				1898A70722B7359C00476ED0 /* HomeHeaderCollectionReusableView.swift */,
			);
			path = View;
			sourceTree = "<group>";
		};
		1844755822B09355000A2391 /* Service */ = {
			isa = PBXGroup;
			children = (
				184E86F422B205E20050C0BD /* MyService.swift */,
				1844755922B0937A000A2391 /* Network.swift */,
			);
			path = Service;
			sourceTree = "<group>";
		};
		63AFC74BCEB185BA1DE379CC /* Frameworks */ = {
			isa = PBXGroup;
			children = (
				5A343CAECDD80EA275B95EB3 /* Pods_UUBuy.framework */,
			);
			name = Frameworks;
			sourceTree = "<group>";
		};
		F9566AC39746D62F7F4D61A3 /* Pods */ = {
			isa = PBXGroup;
			children = (
				59B10191443E1E1630E150AD /* Pods-UUBuy.debug.xcconfig */,
				D57B5807E0BC428FBE3E8BDF /* Pods-UUBuy.release.xcconfig */,
			);
			path = Pods;
			sourceTree = "<group>";
		};
/* End PBXGroup section */

/* Begin PBXNativeTarget section */
		1844753422AFA630000A2391 /* UUBuy */ = {
			isa = PBXNativeTarget;
			buildConfigurationList = 1844754722AFA631000A2391 /* Build configuration list for PBXNativeTarget "UUBuy" */;
			buildPhases = (
				F6A1DF46D21F155C74DEA373 /* [CP] Check Pods Manifest.lock */,
				1844753122AFA630000A2391 /* Sources */,
				1844753222AFA630000A2391 /* Frameworks */,
				1844753322AFA630000A2391 /* Resources */,
				12AAA10B83730B9AE1F7A6EE /* [CP] Embed Pods Frameworks */,
				1898A74722B87D1F00476ED0 /* Embed Frameworks */,
			);
			buildRules = (
			);
			dependencies = (
			);
			name = UUBuy;
			productName = UUBuy;
			productReference = 1844753522AFA630000A2391 /* UUBuy.app */;
			productType = "com.apple.product-type.application";
		};
/* End PBXNativeTarget section */

/* Begin PBXProject section */
		1844752D22AFA630000A2391 /* Project object */ = {
			isa = PBXProject;
			attributes = {
				LastSwiftUpdateCheck = 1020;
				LastUpgradeCheck = 1020;
				ORGANIZATIONNAME = com.timi.test.test;
				TargetAttributes = {
					1844753422AFA630000A2391 = {
						CreatedOnToolsVersion = 10.2.1;
					};
				};
			};
			buildConfigurationList = 1844753022AFA630000A2391 /* Build configuration list for PBXProject "UUBuy" */;
			compatibilityVersion = "Xcode 9.3";
			developmentRegion = en;
			hasScannedForEncodings = 0;
			knownRegions = (
				en,
				Base,
			);
			mainGroup = 1844752C22AFA630000A2391;
			productRefGroup = 1844753622AFA630000A2391 /* Products */;
			projectDirPath = "";
			projectRoot = "";
			targets = (
				1844753422AFA630000A2391 /* UUBuy */,
			);
		};
/* End PBXProject section */

/* Begin PBXResourcesBuildPhase section */
		1844753322AFA630000A2391 /* Resources */ = {
			isa = PBXResourcesBuildPhase;
			buildActionMask = 2147483647;
			files = (
				1844754322AFA631000A2391 /* LaunchScreen.storyboard in Resources */,
				1844754022AFA631000A2391 /* Assets.xcassets in Resources */,
				1844753E22AFA630000A2391 /* Main.storyboard in Resources */,
			);
			runOnlyForDeploymentPostprocessing = 0;
		};
/* End PBXResourcesBuildPhase section */

/* Begin PBXShellScriptBuildPhase section */
		12AAA10B83730B9AE1F7A6EE /* [CP] Embed Pods Frameworks */ = {
			isa = PBXShellScriptBuildPhase;
			buildActionMask = 2147483647;
			files = (
			);
			inputFileListPaths = (
				"${PODS_ROOT}/Target Support Files/Pods-UUBuy/Pods-UUBuy-frameworks-${CONFIGURATION}-input-files.xcfilelist",
			);
			name = "[CP] Embed Pods Frameworks";
			outputFileListPaths = (
				"${PODS_ROOT}/Target Support Files/Pods-UUBuy/Pods-UUBuy-frameworks-${CONFIGURATION}-output-files.xcfilelist",
			);
			runOnlyForDeploymentPostprocessing = 0;
			shellPath = /bin/sh;
			shellScript = "\"${PODS_ROOT}/Target Support Files/Pods-UUBuy/Pods-UUBuy-frameworks.sh\"\n";
			showEnvVarsInLog = 0;
		};
		F6A1DF46D21F155C74DEA373 /* [CP] Check Pods Manifest.lock */ = {
			isa = PBXShellScriptBuildPhase;
			buildActionMask = 2147483647;
			files = (
			);
			inputFileListPaths = (
			);
			inputPaths = (
				"${PODS_PODFILE_DIR_PATH}/Podfile.lock",
				"${PODS_ROOT}/Manifest.lock",
			);
			name = "[CP] Check Pods Manifest.lock";
			outputFileListPaths = (
			);
			outputPaths = (
				"$(DERIVED_FILE_DIR)/Pods-UUBuy-checkManifestLockResult.txt",
			);
			runOnlyForDeploymentPostprocessing = 0;
			shellPath = /bin/sh;
			shellScript = "diff \"${PODS_PODFILE_DIR_PATH}/Podfile.lock\" \"${PODS_ROOT}/Manifest.lock\" > /dev/null\nif [ $? != 0 ] ; then\n    # print error to STDERR\n    echo \"error: The sandbox is not in sync with the Podfile.lock. Run 'pod install' or update your CocoaPods installation.\" >&2\n    exit 1\nfi\n# This output is used by Xcode 'outputs' to avoid re-running this script phase.\necho \"SUCCESS\" > \"${SCRIPT_OUTPUT_FILE_0}\"\n";
			showEnvVarsInLog = 0;
		};
/* End PBXShellScriptBuildPhase section */

/* Begin PBXSourcesBuildPhase section */
		1844753122AFA630000A2391 /* Sources */ = {
			isa = PBXSourcesBuildPhase;
			buildActionMask = 2147483647;
			files = (
				1898A71222B76A2800476ED0 /* NotificationSwitchTableViewCell.swift in Sources */,
				184E86FB22B24DC50050C0BD /* MeViewController.swift in Sources */,
				184E86FF22B344AB0050C0BD /* GoodDetailTableViewController.swift in Sources */,
				184E86FD22B256E40050C0BD /* MeTableView.swift in Sources */,
				1800B2F222B0F0C700D793F4 /* HomeCollectionViewController.swift in Sources */,
				184E870422B3ACC40050C0BD /* NotifcationItemTableViewCell.swift in Sources */,
				1844755122B091BE000A2391 /* GoodModel.swift in Sources */,
				1844753B22AFA630000A2391 /* ViewController.swift in Sources */,
				1844755A22B0937A000A2391 /* Network.swift in Sources */,
				184E870222B3A6F70050C0BD /* CartTableViewController.swift in Sources */,
				1844755322B091E7000A2391 /* OrderModel.swift in Sources */,
				1898A70822B7359C00476ED0 /* HomeHeaderCollectionReusableView.swift in Sources */,
				18F30AE022B3AF4200514806 /* NotificationTableViewController.swift in Sources */,
				1898A70A22B7406B00476ED0 /* BannerCollectionViewCell.swift in Sources */,
				1898A71622B8772A00476ED0 /* SearchableNavigationController.swift in Sources */,
				1800B2F422B0F0E800D793F4 /* GoodCollectionViewCell.swift in Sources */,
				1898A71022B765D700476ED0 /* NotificationHeaderView.swift in Sources */,
				1844755722B09235000A2391 /* GoodsModel.swift in Sources */,
				184E86F722B21C6E0050C0BD /* HomeLayout.swift in Sources */,
				1844754F22B0913C000A2391 /* TableViewController.swift in Sources */,
				1844755522B09210000A2391 /* UserModel.swift in Sources */,
				1898A71422B78BA100476ED0 /* ShopCollectionView.swift in Sources */,
				184E86F522B205E20050C0BD /* MyService.swift in Sources */,
				1844753922AFA630000A2391 /* AppDelegate.swift in Sources */,
				184E86F922B21FF10050C0BD /* DecorationView.swift in Sources */,
				1898A70C22B74BD300476ED0 /* ShopViewController.swift in Sources */,
				1800B2F622B1E6BE00D793F4 /* MyExtension.swift in Sources */,
				1898A70E22B74BE800476ED0 /* OneDollarViewController.swift in Sources */,
			);
			runOnlyForDeploymentPostprocessing = 0;
		};
/* End PBXSourcesBuildPhase section */

/* Begin PBXVariantGroup section */
		1844753C22AFA630000A2391 /* Main.storyboard */ = {
			isa = PBXVariantGroup;
			children = (
				1844753D22AFA630000A2391 /* Base */,
			);
			name = Main.storyboard;
			sourceTree = "<group>";
		};
		1844754122AFA631000A2391 /* LaunchScreen.storyboard */ = {
			isa = PBXVariantGroup;
			children = (
				1844754222AFA631000A2391 /* Base */,
			);
			name = LaunchScreen.storyboard;
			sourceTree = "<group>";
		};
/* End PBXVariantGroup section */

/* Begin XCBuildConfiguration section */
		1844754522AFA631000A2391 /* Debug */ = {
			isa = XCBuildConfiguration;
			buildSettings = {
				ALWAYS_SEARCH_USER_PATHS = NO;
				CLANG_ANALYZER_NONNULL = YES;
				CLANG_ANALYZER_NUMBER_OBJECT_CONVERSION = YES_AGGRESSIVE;
				CLANG_CXX_LANGUAGE_STANDARD = "gnu++14";
				CLANG_CXX_LIBRARY = "libc++";
				CLANG_ENABLE_MODULES = YES;
				CLANG_ENABLE_OBJC_ARC = YES;
				CLANG_ENABLE_OBJC_WEAK = YES;
				CLANG_WARN_BLOCK_CAPTURE_AUTORELEASING = YES;
				CLANG_WARN_BOOL_CONVERSION = YES;
				CLANG_WARN_COMMA = YES;
				CLANG_WARN_CONSTANT_CONVERSION = YES;
				CLANG_WARN_DEPRECATED_OBJC_IMPLEMENTATIONS = YES;
				CLANG_WARN_DIRECT_OBJC_ISA_USAGE = YES_ERROR;
				CLANG_WARN_DOCUMENTATION_COMMENTS = YES;
				CLANG_WARN_EMPTY_BODY = YES;
				CLANG_WARN_ENUM_CONVERSION = YES;
				CLANG_WARN_INFINITE_RECURSION = YES;
				CLANG_WARN_INT_CONVERSION = YES;
				CLANG_WARN_NON_LITERAL_NULL_CONVERSION = YES;
				CLANG_WARN_OBJC_IMPLICIT_RETAIN_SELF = YES;
				CLANG_WARN_OBJC_LITERAL_CONVERSION = YES;
				CLANG_WARN_OBJC_ROOT_CLASS = YES_ERROR;
				CLANG_WARN_RANGE_LOOP_ANALYSIS = YES;
				CLANG_WARN_STRICT_PROTOTYPES = YES;
				CLANG_WARN_SUSPICIOUS_MOVE = YES;
				CLANG_WARN_UNGUARDED_AVAILABILITY = YES_AGGRESSIVE;
				CLANG_WARN_UNREACHABLE_CODE = YES;
				CLANG_WARN__DUPLICATE_METHOD_MATCH = YES;
				CODE_SIGN_IDENTITY = "iPhone Developer";
				COPY_PHASE_STRIP = NO;
				DEBUG_INFORMATION_FORMAT = dwarf;
				ENABLE_STRICT_OBJC_MSGSEND = YES;
				ENABLE_TESTABILITY = YES;
				GCC_C_LANGUAGE_STANDARD = gnu11;
				GCC_DYNAMIC_NO_PIC = NO;
				GCC_NO_COMMON_BLOCKS = YES;
				GCC_OPTIMIZATION_LEVEL = 0;
				GCC_PREPROCESSOR_DEFINITIONS = (
					"DEBUG=1",
					"$(inherited)",
				);
				GCC_WARN_64_TO_32_BIT_CONVERSION = YES;
				GCC_WARN_ABOUT_RETURN_TYPE = YES_ERROR;
				GCC_WARN_UNDECLARED_SELECTOR = YES;
				GCC_WARN_UNINITIALIZED_AUTOS = YES_AGGRESSIVE;
				GCC_WARN_UNUSED_FUNCTION = YES;
				GCC_WARN_UNUSED_VARIABLE = YES;
				IPHONEOS_DEPLOYMENT_TARGET = 12.2;
				MTL_ENABLE_DEBUG_INFO = INCLUDE_SOURCE;
				MTL_FAST_MATH = YES;
				ONLY_ACTIVE_ARCH = YES;
				SDKROOT = iphoneos;
				SWIFT_ACTIVE_COMPILATION_CONDITIONS = DEBUG;
				SWIFT_OPTIMIZATION_LEVEL = "-Onone";
			};
			name = Debug;
		};
		1844754622AFA631000A2391 /* Release */ = {
			isa = XCBuildConfiguration;
			buildSettings = {
				ALWAYS_SEARCH_USER_PATHS = NO;
				CLANG_ANALYZER_NONNULL = YES;
				CLANG_ANALYZER_NUMBER_OBJECT_CONVERSION = YES_AGGRESSIVE;
				CLANG_CXX_LANGUAGE_STANDARD = "gnu++14";
				CLANG_CXX_LIBRARY = "libc++";
				CLANG_ENABLE_MODULES = YES;
				CLANG_ENABLE_OBJC_ARC = YES;
				CLANG_ENABLE_OBJC_WEAK = YES;
				CLANG_WARN_BLOCK_CAPTURE_AUTORELEASING = YES;
				CLANG_WARN_BOOL_CONVERSION = YES;
				CLANG_WARN_COMMA = YES;
				CLANG_WARN_CONSTANT_CONVERSION = YES;
				CLANG_WARN_DEPRECATED_OBJC_IMPLEMENTATIONS = YES;
				CLANG_WARN_DIRECT_OBJC_ISA_USAGE = YES_ERROR;
				CLANG_WARN_DOCUMENTATION_COMMENTS = YES;
				CLANG_WARN_EMPTY_BODY = YES;
				CLANG_WARN_ENUM_CONVERSION = YES;
				CLANG_WARN_INFINITE_RECURSION = YES;
				CLANG_WARN_INT_CONVERSION = YES;
				CLANG_WARN_NON_LITERAL_NULL_CONVERSION = YES;
				CLANG_WARN_OBJC_IMPLICIT_RETAIN_SELF = YES;
				CLANG_WARN_OBJC_LITERAL_CONVERSION = YES;
				CLANG_WARN_OBJC_ROOT_CLASS = YES_ERROR;
				CLANG_WARN_RANGE_LOOP_ANALYSIS = YES;
				CLANG_WARN_STRICT_PROTOTYPES = YES;
				CLANG_WARN_SUSPICIOUS_MOVE = YES;
				CLANG_WARN_UNGUARDED_AVAILABILITY = YES_AGGRESSIVE;
				CLANG_WARN_UNREACHABLE_CODE = YES;
				CLANG_WARN__DUPLICATE_METHOD_MATCH = YES;
				CODE_SIGN_IDENTITY = "iPhone Developer";
				COPY_PHASE_STRIP = NO;
				DEBUG_INFORMATION_FORMAT = "dwarf-with-dsym";
				ENABLE_NS_ASSERTIONS = NO;
				ENABLE_STRICT_OBJC_MSGSEND = YES;
				GCC_C_LANGUAGE_STANDARD = gnu11;
				GCC_NO_COMMON_BLOCKS = YES;
				GCC_WARN_64_TO_32_BIT_CONVERSION = YES;
				GCC_WARN_ABOUT_RETURN_TYPE = YES_ERROR;
				GCC_WARN_UNDECLARED_SELECTOR = YES;
				GCC_WARN_UNINITIALIZED_AUTOS = YES_AGGRESSIVE;
				GCC_WARN_UNUSED_FUNCTION = YES;
				GCC_WARN_UNUSED_VARIABLE = YES;
				IPHONEOS_DEPLOYMENT_TARGET = 12.2;
				MTL_ENABLE_DEBUG_INFO = NO;
				MTL_FAST_MATH = YES;
				SDKROOT = iphoneos;
				SWIFT_COMPILATION_MODE = wholemodule;
				SWIFT_OPTIMIZATION_LEVEL = "-O";
				VALIDATE_PRODUCT = YES;
			};
			name = Release;
		};
		1844754822AFA631000A2391 /* Debug */ = {
			isa = XCBuildConfiguration;
			baseConfigurationReference = 59B10191443E1E1630E150AD /* Pods-UUBuy.debug.xcconfig */;
			buildSettings = {
				ALWAYS_EMBED_SWIFT_STANDARD_LIBRARIES = YES;
				ASSETCATALOG_COMPILER_APPICON_NAME = AppIcon;
				CODE_SIGN_STYLE = Automatic;
				DEVELOPMENT_TEAM = X7276CMQ83;
				INFOPLIST_FILE = UUBuy/Info.plist;
				LD_RUNPATH_SEARCH_PATHS = (
					"$(inherited)",
					"@executable_path/Frameworks",
				);
				PRODUCT_BUNDLE_IDENTIFIER = com.timi.test.UUBuy;
				PRODUCT_NAME = "$(TARGET_NAME)";
				SWIFT_VERSION = 5.0;
				TARGETED_DEVICE_FAMILY = "1,2";
			};
			name = Debug;
		};
		1844754922AFA631000A2391 /* Release */ = {
			isa = XCBuildConfiguration;
			baseConfigurationReference = D57B5807E0BC428FBE3E8BDF /* Pods-UUBuy.release.xcconfig */;
			buildSettings = {
				ALWAYS_EMBED_SWIFT_STANDARD_LIBRARIES = YES;
				ASSETCATALOG_COMPILER_APPICON_NAME = AppIcon;
				CODE_SIGN_STYLE = Automatic;
				DEVELOPMENT_TEAM = X7276CMQ83;
				INFOPLIST_FILE = UUBuy/Info.plist;
				LD_RUNPATH_SEARCH_PATHS = (
					"$(inherited)",
					"@executable_path/Frameworks",
				);
				PRODUCT_BUNDLE_IDENTIFIER = com.timi.test.UUBuy;
				PRODUCT_NAME = "$(TARGET_NAME)";
				SWIFT_VERSION = 5.0;
				TARGETED_DEVICE_FAMILY = "1,2";
			};
			name = Release;
		};
/* End XCBuildConfiguration section */

/* Begin XCConfigurationList section */
		1844753022AFA630000A2391 /* Build configuration list for PBXProject "UUBuy" */ = {
			isa = XCConfigurationList;
			buildConfigurations = (
				1844754522AFA631000A2391 /* Debug */,
				1844754622AFA631000A2391 /* Release */,
			);
			defaultConfigurationIsVisible = 0;
			defaultConfigurationName = Release;
		};
		1844754722AFA631000A2391 /* Build configuration list for PBXNativeTarget "UUBuy" */ = {
			isa = XCConfigurationList;
			buildConfigurations = (
				1844754822AFA631000A2391 /* Debug */,
				1844754922AFA631000A2391 /* Release */,
			);
			defaultConfigurationIsVisible = 0;
			defaultConfigurationName = Release;
		};
/* End XCConfigurationList section */
	};
	rootObject = 1844752D22AFA630000A2391 /* Project object */;
}
